// !$*UTF8*$!
{
	archiveVersion = 1;
	classes = {
	};
	objectVersion = 55;
	objects = {

/* Begin PBXBuildFile section */
		70CB0B8028EDBFBE0091AB33 /* _PPang.png in Resources */ = {isa = PBXBuildFile; fileRef = 70CB0B7F28EDBFBE0091AB33 /* _PPang.png */; };
		9507DE52A9B6D5C4657D211C /* Pods_PPangDelivery.framework in Frameworks */ = {isa = PBXBuildFile; fileRef = 0B8F8804AC7EA7407F1C8A24 /* Pods_PPangDelivery.framework */; };
		CDBB848628E83AD300D6FCC4 /* AppDelegate.swift in Sources */ = {isa = PBXBuildFile; fileRef = CDBB848528E83AD300D6FCC4 /* AppDelegate.swift */; };
		CDBB848828E83AD300D6FCC4 /* SceneDelegate.swift in Sources */ = {isa = PBXBuildFile; fileRef = CDBB848728E83AD300D6FCC4 /* SceneDelegate.swift */; };
		CDBB848F28E83AD500D6FCC4 /* Assets.xcassets in Resources */ = {isa = PBXBuildFile; fileRef = CDBB848E28E83AD500D6FCC4 /* Assets.xcassets */; };
		CDBB849228E83AD500D6FCC4 /* LaunchScreen.storyboard in Resources */ = {isa = PBXBuildFile; fileRef = CDBB849028E83AD500D6FCC4 /* LaunchScreen.storyboard */; };
		CDBB849A28E83E5200D6FCC4 /* MainViewController.swift in Sources */ = {isa = PBXBuildFile; fileRef = CDBB849928E83E5200D6FCC4 /* MainViewController.swift */; };
		CDBB849C28E83F7800D6FCC4 /* UIViewController+Utils.swift in Sources */ = {isa = PBXBuildFile; fileRef = CDBB849B28E83F7800D6FCC4 /* UIViewController+Utils.swift */; };
		CDBB849E28E845B900D6FCC4 /* UIColor+Utils.swift in Sources */ = {isa = PBXBuildFile; fileRef = CDBB849D28E845B900D6FCC4 /* UIColor+Utils.swift */; };
		CDBB84A428E9684200D6FCC4 /* MapViewController.swift in Sources */ = {isa = PBXBuildFile; fileRef = CDBB84A328E9684200D6FCC4 /* MapViewController.swift */; };
		CDBB84A628E9685700D6FCC4 /* ChatViewController.swift in Sources */ = {isa = PBXBuildFile; fileRef = CDBB84A528E9685700D6FCC4 /* ChatViewController.swift */; };
		CDBB84A828E9686100D6FCC4 /* ProfileViewController.swift in Sources */ = {isa = PBXBuildFile; fileRef = CDBB84A728E9686100D6FCC4 /* ProfileViewController.swift */; };
		CDBB84AA28E9687000D6FCC4 /* HomeViewController.swift in Sources */ = {isa = PBXBuildFile; fileRef = CDBB84A928E9687000D6FCC4 /* HomeViewController.swift */; };
/* End PBXBuildFile section */

/* Begin PBXFileReference section */
		0978C855D0609CCA491F0A89 /* Pods-PPangDelivery.release.xcconfig */ = {isa = PBXFileReference; includeInIndex = 1; lastKnownFileType = text.xcconfig; name = "Pods-PPangDelivery.release.xcconfig"; path = "Target Support Files/Pods-PPangDelivery/Pods-PPangDelivery.release.xcconfig"; sourceTree = "<group>"; };
		0B8F8804AC7EA7407F1C8A24 /* Pods_PPangDelivery.framework */ = {isa = PBXFileReference; explicitFileType = wrapper.framework; includeInIndex = 0; path = Pods_PPangDelivery.framework; sourceTree = BUILT_PRODUCTS_DIR; };
		7087FD8228FAECEA00A0E19C /* PPangDelivery.app */ = {isa = PBXFileReference; explicitFileType = wrapper.application; includeInIndex = 0; path = PPangDelivery.app; sourceTree = BUILT_PRODUCTS_DIR; };
		70CB0B7F28EDBFBE0091AB33 /* _PPang.png */ = {isa = PBXFileReference; lastKnownFileType = image.png; path = _PPang.png; sourceTree = "<group>"; };
		91E8651130A470B232098734 /* Pods-PPangDelivery.debug.xcconfig */ = {isa = PBXFileReference; includeInIndex = 1; lastKnownFileType = text.xcconfig; name = "Pods-PPangDelivery.debug.xcconfig"; path = "Target Support Files/Pods-PPangDelivery/Pods-PPangDelivery.debug.xcconfig"; sourceTree = "<group>"; };
		CDBB848528E83AD300D6FCC4 /* AppDelegate.swift */ = {isa = PBXFileReference; lastKnownFileType = sourcecode.swift; path = AppDelegate.swift; sourceTree = "<group>"; };
		CDBB848728E83AD300D6FCC4 /* SceneDelegate.swift */ = {isa = PBXFileReference; lastKnownFileType = sourcecode.swift; path = SceneDelegate.swift; sourceTree = "<group>"; };
		CDBB848E28E83AD500D6FCC4 /* Assets.xcassets */ = {isa = PBXFileReference; lastKnownFileType = folder.assetcatalog; path = Assets.xcassets; sourceTree = "<group>"; };
		CDBB849128E83AD500D6FCC4 /* Base */ = {isa = PBXFileReference; lastKnownFileType = file.storyboard; name = Base; path = Base.lproj/LaunchScreen.storyboard; sourceTree = "<group>"; };
		CDBB849328E83AD500D6FCC4 /* Info.plist */ = {isa = PBXFileReference; lastKnownFileType = text.plist.xml; path = Info.plist; sourceTree = "<group>"; };
		CDBB849928E83E5200D6FCC4 /* MainViewController.swift */ = {isa = PBXFileReference; lastKnownFileType = sourcecode.swift; path = MainViewController.swift; sourceTree = "<group>"; };
		CDBB849B28E83F7800D6FCC4 /* UIViewController+Utils.swift */ = {isa = PBXFileReference; lastKnownFileType = sourcecode.swift; path = "UIViewController+Utils.swift"; sourceTree = "<group>"; };
		CDBB849D28E845B900D6FCC4 /* UIColor+Utils.swift */ = {isa = PBXFileReference; lastKnownFileType = sourcecode.swift; path = "UIColor+Utils.swift"; sourceTree = "<group>"; };
		CDBB84A328E9684200D6FCC4 /* MapViewController.swift */ = {isa = PBXFileReference; lastKnownFileType = sourcecode.swift; path = MapViewController.swift; sourceTree = "<group>"; };
		CDBB84A528E9685700D6FCC4 /* ChatViewController.swift */ = {isa = PBXFileReference; lastKnownFileType = sourcecode.swift; path = ChatViewController.swift; sourceTree = "<group>"; };
		CDBB84A728E9686100D6FCC4 /* ProfileViewController.swift */ = {isa = PBXFileReference; lastKnownFileType = sourcecode.swift; path = ProfileViewController.swift; sourceTree = "<group>"; };
		CDBB84A928E9687000D6FCC4 /* HomeViewController.swift */ = {isa = PBXFileReference; lastKnownFileType = sourcecode.swift; path = HomeViewController.swift; sourceTree = "<group>"; };
/* End PBXFileReference section */

/* Begin PBXFrameworksBuildPhase section */
		CDBB847F28E83AD300D6FCC4 /* Frameworks */ = {
			isa = PBXFrameworksBuildPhase;
			buildActionMask = 2147483647;
			files = (
				9507DE52A9B6D5C4657D211C /* Pods_PPangDelivery.framework in Frameworks */,
			);
			runOnlyForDeploymentPostprocessing = 0;
		};
/* End PBXFrameworksBuildPhase section */

/* Begin PBXGroup section */
		64B7371228EEBBA5002A6B75 /* Main */ = {
			isa = PBXGroup;
			children = (
				CDBB849928E83E5200D6FCC4 /* MainViewController.swift */,
			);
			path = Main;
			sourceTree = "<group>";
		};
		64B7371328EEBBC5002A6B75 /* Resource */ = {
			isa = PBXGroup;
			children = (
				CDBB848528E83AD300D6FCC4 /* AppDelegate.swift */,
				CDBB848728E83AD300D6FCC4 /* SceneDelegate.swift */,
			);
			path = Resource;
			sourceTree = "<group>";
		};
		8433CD25D234C6C71255379D /* Pods */ = {
			isa = PBXGroup;
			children = (
				91E8651130A470B232098734 /* Pods-PPangDelivery.debug.xcconfig */,
				0978C855D0609CCA491F0A89 /* Pods-PPangDelivery.release.xcconfig */,
			);
			path = Pods;
			sourceTree = "<group>";
		};
		B2C476D9FB6A5876670B205D /* Frameworks */ = {
			isa = PBXGroup;
			children = (
				0B8F8804AC7EA7407F1C8A24 /* Pods_PPangDelivery.framework */,
			);
			name = Frameworks;
			sourceTree = "<group>";
		};
		CDBB847928E83AD300D6FCC4 = {
			isa = PBXGroup;
			children = (
				CDBB848428E83AD300D6FCC4 /* PPangDelivery */,
				8433CD25D234C6C71255379D /* Pods */,
				B2C476D9FB6A5876670B205D /* Frameworks */,
				7087FD8228FAECEA00A0E19C /* PPangDelivery.app */,
			);
			sourceTree = "<group>";
		};
		CDBB848428E83AD300D6FCC4 /* PPangDelivery */ = {
			isa = PBXGroup;
			children = (
				64B7371228EEBBA5002A6B75 /* Main */,
				CDBB84A228E9683400D6FCC4 /* Map */,
				CDBB84A128E9683000D6FCC4 /* Chat */,
				CDBB84A028E9682900D6FCC4 /* Profile */,
				CDBB849F28E9682100D6FCC4 /* Home */,
				CDBB84AB28E968A100D6FCC4 /* Utils */,
				64B7371328EEBBC5002A6B75 /* Resource */,
				CDBB84AD28E9698500D6FCC4 /* Files */,
			);
			path = PPangDelivery;
			sourceTree = "<group>";
		};
		CDBB849F28E9682100D6FCC4 /* Home */ = {
			isa = PBXGroup;
			children = (
				CDBB84A928E9687000D6FCC4 /* HomeViewController.swift */,
			);
			path = Home;
			sourceTree = "<group>";
		};
		CDBB84A028E9682900D6FCC4 /* Profile */ = {
			isa = PBXGroup;
			children = (
				CDBB84A728E9686100D6FCC4 /* ProfileViewController.swift */,
			);
			path = Profile;
			sourceTree = "<group>";
		};
		CDBB84A128E9683000D6FCC4 /* Chat */ = {
			isa = PBXGroup;
			children = (
				CDBB84A528E9685700D6FCC4 /* ChatViewController.swift */,
			);
			path = Chat;
			sourceTree = "<group>";
		};
		CDBB84A228E9683400D6FCC4 /* Map */ = {
			isa = PBXGroup;
			children = (
				CDBB84A328E9684200D6FCC4 /* MapViewController.swift */,
			);
			path = Map;
			sourceTree = "<group>";
		};
		CDBB84AB28E968A100D6FCC4 /* Utils */ = {
			isa = PBXGroup;
			children = (
				CDBB849B28E83F7800D6FCC4 /* UIViewController+Utils.swift */,
				CDBB849D28E845B900D6FCC4 /* UIColor+Utils.swift */,
			);
			path = Utils;
			sourceTree = "<group>";
		};
		CDBB84AD28E9698500D6FCC4 /* Files */ = {
			isa = PBXGroup;
			children = (
				70CB0B7F28EDBFBE0091AB33 /* _PPang.png */,
				CDBB848E28E83AD500D6FCC4 /* Assets.xcassets */,
				CDBB849028E83AD500D6FCC4 /* LaunchScreen.storyboard */,
				CDBB849328E83AD500D6FCC4 /* Info.plist */,
			);
			name = Files;
			sourceTree = "<group>";
		};
/* End PBXGroup section */

/* Begin PBXNativeTarget section */
		CDBB848128E83AD300D6FCC4 /* PPangDelivery */ = {
			isa = PBXNativeTarget;
			buildConfigurationList = CDBB849628E83AD500D6FCC4 /* Build configuration list for PBXNativeTarget "PPangDelivery" */;
			buildPhases = (
				F6CB97516F6C9622127A5EC0 /* [CP] Check Pods Manifest.lock */,
				CDBB847E28E83AD300D6FCC4 /* Sources */,
				CDBB847F28E83AD300D6FCC4 /* Frameworks */,
				CDBB848028E83AD300D6FCC4 /* Resources */,
				11D9BFD42DCAC77363015435 /* [CP] Embed Pods Frameworks */,
			);
			buildRules = (
			);
			dependencies = (
			);
			name = PPangDelivery;
			productName = PPUMPPAI;
			productReference = 7087FD8228FAECEA00A0E19C /* PPangDelivery.app */;
			productType = "com.apple.product-type.application";
		};
/* End PBXNativeTarget section */

/* Begin PBXProject section */
		CDBB847A28E83AD300D6FCC4 /* Project object */ = {
			isa = PBXProject;
			attributes = {
				BuildIndependentTargetsInParallel = 1;
				LastSwiftUpdateCheck = 1320;
				LastUpgradeCheck = 1320;
				TargetAttributes = {
					CDBB848128E83AD300D6FCC4 = {
						CreatedOnToolsVersion = 13.2.1;
					};
				};
			};
			buildConfigurationList = CDBB847D28E83AD300D6FCC4 /* Build configuration list for PBXProject "PPangDelivery" */;
			compatibilityVersion = "Xcode 13.0";
			developmentRegion = en;
			hasScannedForEncodings = 0;
			knownRegions = (
				en,
				Base,
			);
			mainGroup = CDBB847928E83AD300D6FCC4;
			productRefGroup = CDBB847928E83AD300D6FCC4;
			projectDirPath = "";
			projectRoot = "";
			targets = (
				CDBB848128E83AD300D6FCC4 /* PPangDelivery */,
			);
		};
/* End PBXProject section */

/* Begin PBXResourcesBuildPhase section */
		CDBB848028E83AD300D6FCC4 /* Resources */ = {
			isa = PBXResourcesBuildPhase;
			buildActionMask = 2147483647;
			files = (
				CDBB849228E83AD500D6FCC4 /* LaunchScreen.storyboard in Resources */,
				70CB0B8028EDBFBE0091AB33 /* _PPang.png in Resources */,
				CDBB848F28E83AD500D6FCC4 /* Assets.xcassets in Resources */,
			);
			runOnlyForDeploymentPostprocessing = 0;
		};
/* End PBXResourcesBuildPhase section */

/* Begin PBXShellScriptBuildPhase section */
		11D9BFD42DCAC77363015435 /* [CP] Embed Pods Frameworks */ = {
			isa = PBXShellScriptBuildPhase;
			buildActionMask = 2147483647;
			files = (
			);
			inputFileListPaths = (
				"${PODS_ROOT}/Target Support Files/Pods-PPangDelivery/Pods-PPangDelivery-frameworks-${CONFIGURATION}-input-files.xcfilelist",
			);
			name = "[CP] Embed Pods Frameworks";
			outputFileListPaths = (
				"${PODS_ROOT}/Target Support Files/Pods-PPangDelivery/Pods-PPangDelivery-frameworks-${CONFIGURATION}-output-files.xcfilelist",
			);
			runOnlyForDeploymentPostprocessing = 0;
			shellPath = /bin/sh;
			shellScript = "\"${PODS_ROOT}/Target Support Files/Pods-PPangDelivery/Pods-PPangDelivery-frameworks.sh\"\n";
			showEnvVarsInLog = 0;
		};
		F6CB97516F6C9622127A5EC0 /* [CP] Check Pods Manifest.lock */ = {
			isa = PBXShellScriptBuildPhase;
			buildActionMask = 2147483647;
			files = (
			);
			inputFileListPaths = (
			);
			inputPaths = (
				"${PODS_PODFILE_DIR_PATH}/Podfile.lock",
				"${PODS_ROOT}/Manifest.lock",
			);
			name = "[CP] Check Pods Manifest.lock";
			outputFileListPaths = (
			);
			outputPaths = (
				"$(DERIVED_FILE_DIR)/Pods-PPangDelivery-checkManifestLockResult.txt",
			);
			runOnlyForDeploymentPostprocessing = 0;
			shellPath = /bin/sh;
			shellScript = "diff \"${PODS_PODFILE_DIR_PATH}/Podfile.lock\" \"${PODS_ROOT}/Manifest.lock\" > /dev/null\nif [ $? != 0 ] ; then\n    # print error to STDERR\n    echo \"error: The sandbox is not in sync with the Podfile.lock. Run 'pod install' or update your CocoaPods installation.\" >&2\n    exit 1\nfi\n# This output is used by Xcode 'outputs' to avoid re-running this script phase.\necho \"SUCCESS\" > \"${SCRIPT_OUTPUT_FILE_0}\"\n";
			showEnvVarsInLog = 0;
		};
/* End PBXShellScriptBuildPhase section */

/* Begin PBXSourcesBuildPhase section */
		CDBB847E28E83AD300D6FCC4 /* Sources */ = {
			isa = PBXSourcesBuildPhase;
			buildActionMask = 2147483647;
			files = (
				CDBB849E28E845B900D6FCC4 /* UIColor+Utils.swift in Sources */,
				CDBB84A828E9686100D6FCC4 /* ProfileViewController.swift in Sources */,
				CDBB84A428E9684200D6FCC4 /* MapViewController.swift in Sources */,
				CDBB849C28E83F7800D6FCC4 /* UIViewController+Utils.swift in Sources */,
				CDBB84A628E9685700D6FCC4 /* ChatViewController.swift in Sources */,
				CDBB84AA28E9687000D6FCC4 /* HomeViewController.swift in Sources */,
				CDBB849A28E83E5200D6FCC4 /* MainViewController.swift in Sources */,
				CDBB848628E83AD300D6FCC4 /* AppDelegate.swift in Sources */,
				CDBB848828E83AD300D6FCC4 /* SceneDelegate.swift in Sources */,
			);
			runOnlyForDeploymentPostprocessing = 0;
		};
/* End PBXSourcesBuildPhase section */

/* Begin PBXVariantGroup section */
		CDBB849028E83AD500D6FCC4 /* LaunchScreen.storyboard */ = {
			isa = PBXVariantGroup;
			children = (
				CDBB849128E83AD500D6FCC4 /* Base */,
			);
			name = LaunchScreen.storyboard;
			sourceTree = "<group>";
		};
/* End PBXVariantGroup section */

/* Begin XCBuildConfiguration section */
		CDBB849428E83AD500D6FCC4 /* Debug */ = {
			isa = XCBuildConfiguration;
			buildSettings = {
				ALWAYS_SEARCH_USER_PATHS = NO;
				CLANG_ANALYZER_NONNULL = YES;
				CLANG_ANALYZER_NUMBER_OBJECT_CONVERSION = YES_AGGRESSIVE;
				CLANG_CXX_LANGUAGE_STANDARD = "gnu++17";
				CLANG_CXX_LIBRARY = "libc++";
				CLANG_ENABLE_MODULES = YES;
				CLANG_ENABLE_OBJC_ARC = YES;
				CLANG_ENABLE_OBJC_WEAK = YES;
				CLANG_WARN_BLOCK_CAPTURE_AUTORELEASING = YES;
				CLANG_WARN_BOOL_CONVERSION = YES;
				CLANG_WARN_COMMA = YES;
				CLANG_WARN_CONSTANT_CONVERSION = YES;
				CLANG_WARN_DEPRECATED_OBJC_IMPLEMENTATIONS = YES;
				CLANG_WARN_DIRECT_OBJC_ISA_USAGE = YES_ERROR;
				CLANG_WARN_DOCUMENTATION_COMMENTS = YES;
				CLANG_WARN_EMPTY_BODY = YES;
				CLANG_WARN_ENUM_CONVERSION = YES;
				CLANG_WARN_INFINITE_RECURSION = YES;
				CLANG_WARN_INT_CONVERSION = YES;
				CLANG_WARN_NON_LITERAL_NULL_CONVERSION = YES;
				CLANG_WARN_OBJC_IMPLICIT_RETAIN_SELF = YES;
				CLANG_WARN_OBJC_LITERAL_CONVERSION = YES;
				CLANG_WARN_OBJC_ROOT_CLASS = YES_ERROR;
				CLANG_WARN_QUOTED_INCLUDE_IN_FRAMEWORK_HEADER = YES;
				CLANG_WARN_RANGE_LOOP_ANALYSIS = YES;
				CLANG_WARN_STRICT_PROTOTYPES = YES;
				CLANG_WARN_SUSPICIOUS_MOVE = YES;
				CLANG_WARN_UNGUARDED_AVAILABILITY = YES_AGGRESSIVE;
				CLANG_WARN_UNREACHABLE_CODE = YES;
				CLANG_WARN__DUPLICATE_METHOD_MATCH = YES;
				COPY_PHASE_STRIP = NO;
				DEBUG_INFORMATION_FORMAT = dwarf;
				ENABLE_STRICT_OBJC_MSGSEND = YES;
				ENABLE_TESTABILITY = YES;
				GCC_C_LANGUAGE_STANDARD = gnu11;
				GCC_DYNAMIC_NO_PIC = NO;
				GCC_NO_COMMON_BLOCKS = YES;
				GCC_OPTIMIZATION_LEVEL = 0;
				GCC_PREPROCESSOR_DEFINITIONS = (
					"DEBUG=1",
					"$(inherited)",
				);
				GCC_WARN_64_TO_32_BIT_CONVERSION = YES;
				GCC_WARN_ABOUT_RETURN_TYPE = YES_ERROR;
				GCC_WARN_UNDECLARED_SELECTOR = YES;
				GCC_WARN_UNINITIALIZED_AUTOS = YES_AGGRESSIVE;
				GCC_WARN_UNUSED_FUNCTION = YES;
				GCC_WARN_UNUSED_VARIABLE = YES;
				IPHONEOS_DEPLOYMENT_TARGET = 15.2;
				MTL_ENABLE_DEBUG_INFO = INCLUDE_SOURCE;
				MTL_FAST_MATH = YES;
				ONLY_ACTIVE_ARCH = YES;
				SDKROOT = iphoneos;
				SWIFT_ACTIVE_COMPILATION_CONDITIONS = DEBUG;
				SWIFT_OPTIMIZATION_LEVEL = "-Onone";
			};
			name = Debug;
		};
		CDBB849528E83AD500D6FCC4 /* Release */ = {
			isa = XCBuildConfiguration;
			buildSettings = {
				ALWAYS_SEARCH_USER_PATHS = NO;
				CLANG_ANALYZER_NONNULL = YES;
				CLANG_ANALYZER_NUMBER_OBJECT_CONVERSION = YES_AGGRESSIVE;
				CLANG_CXX_LANGUAGE_STANDARD = "gnu++17";
				CLANG_CXX_LIBRARY = "libc++";
				CLANG_ENABLE_MODULES = YES;
				CLANG_ENABLE_OBJC_ARC = YES;
				CLANG_ENABLE_OBJC_WEAK = YES;
				CLANG_WARN_BLOCK_CAPTURE_AUTORELEASING = YES;
				CLANG_WARN_BOOL_CONVERSION = YES;
				CLANG_WARN_COMMA = YES;
				CLANG_WARN_CONSTANT_CONVERSION = YES;
				CLANG_WARN_DEPRECATED_OBJC_IMPLEMENTATIONS = YES;
				CLANG_WARN_DIRECT_OBJC_ISA_USAGE = YES_ERROR;
				CLANG_WARN_DOCUMENTATION_COMMENTS = YES;
				CLANG_WARN_EMPTY_BODY = YES;
				CLANG_WARN_ENUM_CONVERSION = YES;
				CLANG_WARN_INFINITE_RECURSION = YES;
				CLANG_WARN_INT_CONVERSION = YES;
				CLANG_WARN_NON_LITERAL_NULL_CONVERSION = YES;
				CLANG_WARN_OBJC_IMPLICIT_RETAIN_SELF = YES;
				CLANG_WARN_OBJC_LITERAL_CONVERSION = YES;
				CLANG_WARN_OBJC_ROOT_CLASS = YES_ERROR;
				CLANG_WARN_QUOTED_INCLUDE_IN_FRAMEWORK_HEADER = YES;
				CLANG_WARN_RANGE_LOOP_ANALYSIS = YES;
				CLANG_WARN_STRICT_PROTOTYPES = YES;
				CLANG_WARN_SUSPICIOUS_MOVE = YES;
				CLANG_WARN_UNGUARDED_AVAILABILITY = YES_AGGRESSIVE;
				CLANG_WARN_UNREACHABLE_CODE = YES;
				CLANG_WARN__DUPLICATE_METHOD_MATCH = YES;
				COPY_PHASE_STRIP = NO;
				DEBUG_INFORMATION_FORMAT = "dwarf-with-dsym";
				ENABLE_NS_ASSERTIONS = NO;
				ENABLE_STRICT_OBJC_MSGSEND = YES;
				GCC_C_LANGUAGE_STANDARD = gnu11;
				GCC_NO_COMMON_BLOCKS = YES;
				GCC_WARN_64_TO_32_BIT_CONVERSION = YES;
				GCC_WARN_ABOUT_RETURN_TYPE = YES_ERROR;
				GCC_WARN_UNDECLARED_SELECTOR = YES;
				GCC_WARN_UNINITIALIZED_AUTOS = YES_AGGRESSIVE;
				GCC_WARN_UNUSED_FUNCTION = YES;
				GCC_WARN_UNUSED_VARIABLE = YES;
				IPHONEOS_DEPLOYMENT_TARGET = 15.2;
				MTL_ENABLE_DEBUG_INFO = NO;
				MTL_FAST_MATH = YES;
				SDKROOT = iphoneos;
				SWIFT_COMPILATION_MODE = wholemodule;
				SWIFT_OPTIMIZATION_LEVEL = "-O";
				VALIDATE_PRODUCT = YES;
			};
			name = Release;
		};
		CDBB849728E83AD500D6FCC4 /* Debug */ = {
			isa = XCBuildConfiguration;
			baseConfigurationReference = 91E8651130A470B232098734 /* Pods-PPangDelivery.debug.xcconfig */;
			buildSettings = {
				ASSETCATALOG_COMPILER_APPICON_NAME = AppIcon;
				ASSETCATALOG_COMPILER_GLOBAL_ACCENT_COLOR_NAME = AccentColor;
				CODE_SIGN_STYLE = Automatic;
				CURRENT_PROJECT_VERSION = 1;
				DEVELOPMENT_TEAM = 3FD7AHY7SL;
				GENERATE_INFOPLIST_FILE = YES;
				INFOPLIST_FILE = PPangDelivery/Info.plist;
				INFOPLIST_KEY_UIApplicationSupportsIndirectInputEvents = YES;
				INFOPLIST_KEY_UILaunchStoryboardName = LaunchScreen;
				INFOPLIST_KEY_UIMainStoryboardFile = "";
				INFOPLIST_KEY_UISupportedInterfaceOrientations_iPad = "UIInterfaceOrientationPortrait UIInterfaceOrientationPortraitUpsideDown UIInterfaceOrientationLandscapeLeft UIInterfaceOrientationLandscapeRight";
				INFOPLIST_KEY_UISupportedInterfaceOrientations_iPhone = "UIInterfaceOrientationPortrait UIInterfaceOrientationLandscapeLeft UIInterfaceOrientationLandscapeRight";
				LD_RUNPATH_SEARCH_PATHS = (
					"$(inherited)",
					"@executable_path/Frameworks",
				);
				MARKETING_VERSION = 1.0;
				PRODUCT_BUNDLE_IDENTIFIER = me.ma.seokwoo.PPangDelivery;
				PRODUCT_NAME = "$(TARGET_NAME)";
				SWIFT_EMIT_LOC_STRINGS = YES;
				SWIFT_VERSION = 5.0;
				TARGETED_DEVICE_FAMILY = "1,2";
			};
			name = Debug;
		};
		CDBB849828E83AD500D6FCC4 /* Release */ = {
			isa = XCBuildConfiguration;
			baseConfigurationReference = 0978C855D0609CCA491F0A89 /* Pods-PPangDelivery.release.xcconfig */;
			buildSettings = {
				ASSETCATALOG_COMPILER_APPICON_NAME = AppIcon;
				ASSETCATALOG_COMPILER_GLOBAL_ACCENT_COLOR_NAME = AccentColor;
				CODE_SIGN_STYLE = Automatic;
				CURRENT_PROJECT_VERSION = 1;
				DEVELOPMENT_TEAM = 3FD7AHY7SL;
				GENERATE_INFOPLIST_FILE = YES;
				INFOPLIST_FILE = PPangDelivery/Info.plist;
				INFOPLIST_KEY_UIApplicationSupportsIndirectInputEvents = YES;
				INFOPLIST_KEY_UILaunchStoryboardName = LaunchScreen;
				INFOPLIST_KEY_UIMainStoryboardFile = "";
				INFOPLIST_KEY_UISupportedInterfaceOrientations_iPad = "UIInterfaceOrientationPortrait UIInterfaceOrientationPortraitUpsideDown UIInterfaceOrientationLandscapeLeft UIInterfaceOrientationLandscapeRight";
				INFOPLIST_KEY_UISupportedInterfaceOrientations_iPhone = "UIInterfaceOrientationPortrait UIInterfaceOrientationLandscapeLeft UIInterfaceOrientationLandscapeRight";
				LD_RUNPATH_SEARCH_PATHS = (
					"$(inherited)",
					"@executable_path/Frameworks",
				);
				MARKETING_VERSION = 1.0;
				PRODUCT_BUNDLE_IDENTIFIER = me.ma.seokwoo.PPangDelivery;
				PRODUCT_NAME = "$(TARGET_NAME)";
				SWIFT_EMIT_LOC_STRINGS = YES;
				SWIFT_VERSION = 5.0;
				TARGETED_DEVICE_FAMILY = "1,2";
			};
			name = Release;
		};
/* End XCBuildConfiguration section */

/* Begin XCConfigurationList section */
		CDBB847D28E83AD300D6FCC4 /* Build configuration list for PBXProject "PPangDelivery" */ = {
			isa = XCConfigurationList;
			buildConfigurations = (
				CDBB849428E83AD500D6FCC4 /* Debug */,
				CDBB849528E83AD500D6FCC4 /* Release */,
			);
			defaultConfigurationIsVisible = 0;
			defaultConfigurationName = Release;
		};
		CDBB849628E83AD500D6FCC4 /* Build configuration list for PBXNativeTarget "PPangDelivery" */ = {
			isa = XCConfigurationList;
			buildConfigurations = (
				CDBB849728E83AD500D6FCC4 /* Debug */,
				CDBB849828E83AD500D6FCC4 /* Release */,
			);
			defaultConfigurationIsVisible = 0;
			defaultConfigurationName = Release;
		};
/* End XCConfigurationList section */
	};
	rootObject = CDBB847A28E83AD300D6FCC4 /* Project object */;
}
