PODS:
  - NMapsMap (3.16.0)
  - SnapKit (5.6.0)

DEPENDENCIES:
  - NMapsMap
  - SnapKit

SPEC REPOS:
  trunk:
    - NMapsMap
    - SnapKit

SPEC CHECKSUMS:
  NMapsMap: a2593320fca2bb09e521c05b4dffee4da42e96ed
  SnapKit: e01d52ebb8ddbc333eefe2132acf85c8227d9c25

PODFILE CHECKSUM: e340542e054c14a3594bc1123ac5c9c60d1832d7

COCOAPODS: 1.11.3
